
Microsoft Visual Studio Solution File, Format Version 12.00
# Visual Studio Version 17
VisualStudioVersion = 17.8.34322.80
MinimumVisualStudioVersion = 10.0.40219.1
Project("{FAE04EC0-301F-11D3-BF4B-00C04F79EFBC}") = "ApiPeliculas", "ApiPeliculas\ApiPeliculas.csproj", "{86F283AF-ED93-4F9D-9679-F064BEB6468D}"
EndProject
Global
	GlobalSection(SolutionConfigurationPlatforms) = preSolution
		Debug|Any CPU = Debug|Any CPU
		Release|Any CPU = Release|Any CPU
	EndGlobalSection
	GlobalSection(ProjectConfigurationPlatforms) = postSolution
		{86F283AF-ED93-4F9D-9679-F064BEB6468D}.Debug|Any CPU.ActiveCfg = Debug|Any CPU
		{86F283AF-ED93-4F9D-9679-F064BEB6468D}.Debug|Any CPU.Build.0 = Debug|Any CPU
		{86F283AF-ED93-4F9D-9679-F064BEB6468D}.Release|Any CPU.ActiveCfg = Release|Any CPU
		{86F283AF-ED93-4F9D-9679-F064BEB6468D}.Release|Any CPU.Build.0 = Release|Any CPU
	EndGlobalSection
	GlobalSection(SolutionProperties) = preSolution
		HideSolutionNode = FALSE
	EndGlobalSection
	GlobalSection(ExtensibilityGlobals) = postSolution
		SolutionGuid = {2CD9E777-567F-44BF-8055-799402DDEFF9}
	EndGlobalSection
EndGlobal
